
Microsoft Visual Studio Solution File, Format Version 12.00
# Visual Studio Version 16
VisualStudioVersion = 16.0.30413.136
MinimumVisualStudioVersion = 10.0.40219.1
Project("{FAE04EC0-301F-11D3-BF4B-00C04F79EFBC}") = "Mvc-Tarea-Alimentos", "Mvc-Tarea-Alimentos\Mvc-Tarea-Alimentos.csproj", "{953D2DB0-D087-4C5F-AD0E-6C7D710CAD3D}"
EndProject
Project("{FAE04EC0-301F-11D3-BF4B-00C04F79EFBC}") = "Entidades", "Entidades\Entidades.csproj", "{86868EDA-A2FC-429D-8271-297ABEB1171E}"
EndProject
Project("{FAE04EC0-301F-11D3-BF4B-00C04F79EFBC}") = "Servicios", "Servicios\Servicios.csproj", "{D14EA027-821E-4AC8-B0BD-9555657FA2DC}"
EndProject
Global
	GlobalSection(SolutionConfigurationPlatforms) = preSolution
		Debug|Any CPU = Debug|Any CPU
		Release|Any CPU = Release|Any CPU
	EndGlobalSection
	GlobalSection(ProjectConfigurationPlatforms) = postSolution
		{953D2DB0-D087-4C5F-AD0E-6C7D710CAD3D}.Debug|Any CPU.ActiveCfg = Debug|Any CPU
		{953D2DB0-D087-4C5F-AD0E-6C7D710CAD3D}.Debug|Any CPU.Build.0 = Debug|Any CPU
		{953D2DB0-D087-4C5F-AD0E-6C7D710CAD3D}.Release|Any CPU.ActiveCfg = Release|Any CPU
		{953D2DB0-D087-4C5F-AD0E-6C7D710CAD3D}.Release|Any CPU.Build.0 = Release|Any CPU
		{86868EDA-A2FC-429D-8271-297ABEB1171E}.Debug|Any CPU.ActiveCfg = Debug|Any CPU
		{86868EDA-A2FC-429D-8271-297ABEB1171E}.Debug|Any CPU.Build.0 = Debug|Any CPU
		{86868EDA-A2FC-429D-8271-297ABEB1171E}.Release|Any CPU.ActiveCfg = Release|Any CPU
		{86868EDA-A2FC-429D-8271-297ABEB1171E}.Release|Any CPU.Build.0 = Release|Any CPU
		{D14EA027-821E-4AC8-B0BD-9555657FA2DC}.Debug|Any CPU.ActiveCfg = Debug|Any CPU
		{D14EA027-821E-4AC8-B0BD-9555657FA2DC}.Debug|Any CPU.Build.0 = Debug|Any CPU
		{D14EA027-821E-4AC8-B0BD-9555657FA2DC}.Release|Any CPU.ActiveCfg = Release|Any CPU
		{D14EA027-821E-4AC8-B0BD-9555657FA2DC}.Release|Any CPU.Build.0 = Release|Any CPU
	EndGlobalSection
	GlobalSection(SolutionProperties) = preSolution
		HideSolutionNode = FALSE
	EndGlobalSection
	GlobalSection(ExtensibilityGlobals) = postSolution
		SolutionGuid = {B36FC2AB-279A-467C-A9A4-668BCD12AE26}
	EndGlobalSection
EndGlobal
